// !$*UTF8*$!
{
	archiveVersion = 1;
	classes = {
	};
	objectVersion = 46;
	objects = {

/* Begin PBXBuildFile section */
		081DEFCE1DC974960063677D /* AppDelegate.swift in Sources */ = {isa = PBXBuildFile; fileRef = 081DEFCD1DC974960063677D /* AppDelegate.swift */; };
		081DEFD01DC974960063677D /* ViewController.swift in Sources */ = {isa = PBXBuildFile; fileRef = 081DEFCF1DC974960063677D /* ViewController.swift */; };
		081DEFD31DC974960063677D /* Main.storyboard in Resources */ = {isa = PBXBuildFile; fileRef = 081DEFD11DC974960063677D /* Main.storyboard */; };
		081DEFD51DC974960063677D /* Assets.xcassets in Resources */ = {isa = PBXBuildFile; fileRef = 081DEFD41DC974960063677D /* Assets.xcassets */; };
		081DEFD81DC974960063677D /* LaunchScreen.storyboard in Resources */ = {isa = PBXBuildFile; fileRef = 081DEFD61DC974960063677D /* LaunchScreen.storyboard */; };
/* End PBXBuildFile section */

/* Begin PBXFileReference section */
		081DEFCA1DC974960063677D /* E-LearningSystem.app */ = {isa = PBXFileReference; explicitFileType = wrapper.application; includeInIndex = 0; path = "E-LearningSystem.app"; sourceTree = BUILT_PRODUCTS_DIR; };
		081DEFCD1DC974960063677D /* AppDelegate.swift */ = {isa = PBXFileReference; lastKnownFileType = sourcecode.swift; path = AppDelegate.swift; sourceTree = "<group>"; };
		081DEFCF1DC974960063677D /* ViewController.swift */ = {isa = PBXFileReference; lastKnownFileType = sourcecode.swift; path = ViewController.swift; sourceTree = "<group>"; };
		081DEFD21DC974960063677D /* Base */ = {isa = PBXFileReference; lastKnownFileType = file.storyboard; name = Base; path = Base.lproj/Main.storyboard; sourceTree = "<group>"; };
		081DEFD41DC974960063677D /* Assets.xcassets */ = {isa = PBXFileReference; lastKnownFileType = folder.assetcatalog; path = Assets.xcassets; sourceTree = "<group>"; };
		081DEFD71DC974960063677D /* Base */ = {isa = PBXFileReference; lastKnownFileType = file.storyboard; name = Base; path = Base.lproj/LaunchScreen.storyboard; sourceTree = "<group>"; };
		081DEFD91DC974960063677D /* Info.plist */ = {isa = PBXFileReference; lastKnownFileType = text.plist.xml; path = Info.plist; sourceTree = "<group>"; };
/* End PBXFileReference section */

/* Begin PBXFrameworksBuildPhase section */
		081DEFC71DC974960063677D /* Frameworks */ = {
			isa = PBXFrameworksBuildPhase;
			buildActionMask = 2147483647;
			files = (
			);
			runOnlyForDeploymentPostprocessing = 0;
		};
/* End PBXFrameworksBuildPhase section */

/* Begin PBXGroup section */
		081DEFC11DC974960063677D = {
			isa = PBXGroup;
			children = (
				081DEFCC1DC974960063677D /* E-LearningSystem */,
				081DEFCB1DC974960063677D /* Products */,
			);
			sourceTree = "<group>";
		};
		081DEFCB1DC974960063677D /* Products */ = {
			isa = PBXGroup;
			children = (
				081DEFCA1DC974960063677D /* E-LearningSystem.app */,
			);
			name = Products;
			sourceTree = "<group>";
		};
		081DEFCC1DC974960063677D /* E-LearningSystem */ = {
			isa = PBXGroup;
			children = (
				081DEFCD1DC974960063677D /* AppDelegate.swift */,
				081DEFCF1DC974960063677D /* ViewController.swift */,
				081DEFD11DC974960063677D /* Main.storyboard */,
				081DEFD41DC974960063677D /* Assets.xcassets */,
				081DEFD61DC974960063677D /* LaunchScreen.storyboard */,
				081DEFD91DC974960063677D /* Info.plist */,
			);
			path = "E-LearningSystem";
			sourceTree = "<group>";
		};
/* End PBXGroup section */

/* Begin PBXNativeTarget section */
		081DEFC91DC974960063677D /* E-LearningSystem */ = {
			isa = PBXNativeTarget;
			buildConfigurationList = 081DEFDC1DC974960063677D /* Build configuration list for PBXNativeTarget "E-LearningSystem" */;
			buildPhases = (
				081DEFC61DC974960063677D /* Sources */,
				081DEFC71DC974960063677D /* Frameworks */,
				081DEFC81DC974960063677D /* Resources */,
				081DEFDF1DC974CE0063677D /* ShellScript */,
			);
			buildRules = (
			);
			dependencies = (
			);
			name = "E-LearningSystem";
			productName = "E-LearningSystem";
			productReference = 081DEFCA1DC974960063677D /* E-LearningSystem.app */;
			productType = "com.apple.product-type.application";
		};
/* End PBXNativeTarget section */

/* Begin PBXProject section */
		081DEFC21DC974960063677D /* Project object */ = {
			isa = PBXProject;
			attributes = {
				LastSwiftUpdateCheck = 0810;
				LastUpgradeCheck = 0810;
				ORGANIZATIONNAME = "Ngo Sy Truong";
				TargetAttributes = {
					081DEFC91DC974960063677D = {
						CreatedOnToolsVersion = 8.1;
						DevelopmentTeam = VVBVRY525G;
						ProvisioningStyle = Manual;
					};
				};
			};
			buildConfigurationList = 081DEFC51DC974960063677D /* Build configuration list for PBXProject "E-LearningSystem" */;
			compatibilityVersion = "Xcode 3.2";
			developmentRegion = English;
			hasScannedForEncodings = 0;
			knownRegions = (
				en,
				Base,
			);
			mainGroup = 081DEFC11DC974960063677D;
			productRefGroup = 081DEFCB1DC974960063677D /* Products */;
			projectDirPath = "";
			projectRoot = "";
			targets = (
				081DEFC91DC974960063677D /* E-LearningSystem */,
			);
		};
/* End PBXProject section */

/* Begin PBXResourcesBuildPhase section */
		081DEFC81DC974960063677D /* Resources */ = {
			isa = PBXResourcesBuildPhase;
			buildActionMask = 2147483647;
			files = (
				081DEFD81DC974960063677D /* LaunchScreen.storyboard in Resources */,
				081DEFD51DC974960063677D /* Assets.xcassets in Resources */,
				081DEFD31DC974960063677D /* Main.storyboard in Resources */,
			);
			runOnlyForDeploymentPostprocessing = 0;
		};
/* End PBXResourcesBuildPhase section */

/* Begin PBXShellScriptBuildPhase section */
		081DEFDF1DC974CE0063677D /* ShellScript */ = {
			isa = PBXShellScriptBuildPhase;
			buildActionMask = 2147483647;
			files = (
			);
			inputPaths = (
			);
			outputPaths = (
			);
			runOnlyForDeploymentPostprocessing = 0;
			shellPath = /bin/sh;
			shellScript = "if which swiftlint >/dev/null; then\nswiftlint\nelse\necho \"warning: SwiftLint not installed, download from https://github.com/realm/SwiftLint\"\nfi";
		};
/* End PBXShellScriptBuildPhase section */

/* Begin PBXSourcesBuildPhase section */
		081DEFC61DC974960063677D /* Sources */ = {
			isa = PBXSourcesBuildPhase;
			buildActionMask = 2147483647;
			files = (
				081DEFD01DC974960063677D /* ViewController.swift in Sources */,
				081DEFCE1DC974960063677D /* AppDelegate.swift in Sources */,
			);
			runOnlyForDeploymentPostprocessing = 0;
		};
/* End PBXSourcesBuildPhase section */

/* Begin PBXVariantGroup section */
		081DEFD11DC974960063677D /* Main.storyboard */ = {
			isa = PBXVariantGroup;
			children = (
				081DEFD21DC974960063677D /* Base */,
			);
			name = Main.storyboard;
			sourceTree = "<group>";
		};
		081DEFD61DC974960063677D /* LaunchScreen.storyboard */ = {
			isa = PBXVariantGroup;
			children = (
				081DEFD71DC974960063677D /* Base */,
			);
			name = LaunchScreen.storyboard;
			sourceTree = "<group>";
		};
/* End PBXVariantGroup section */

/* Begin XCBuildConfiguration section */
		081DEFDA1DC974960063677D /* Debug */ = {
			isa = XCBuildConfiguration;
			buildSettings = {
				ALWAYS_SEARCH_USER_PATHS = NO;
				CLANG_ANALYZER_NONNULL = YES;
				CLANG_CXX_LANGUAGE_STANDARD = "gnu++0x";
				CLANG_CXX_LIBRARY = "libc++";
				CLANG_ENABLE_MODULES = YES;
				CLANG_ENABLE_OBJC_ARC = YES;
				CLANG_WARN_BOOL_CONVERSION = YES;
				CLANG_WARN_CONSTANT_CONVERSION = YES;
				CLANG_WARN_DIRECT_OBJC_ISA_USAGE = YES_ERROR;
				CLANG_WARN_DOCUMENTATION_COMMENTS = YES;
				CLANG_WARN_EMPTY_BODY = YES;
				CLANG_WARN_ENUM_CONVERSION = YES;
				CLANG_WARN_INFINITE_RECURSION = YES;
				CLANG_WARN_INT_CONVERSION = YES;
				CLANG_WARN_OBJC_ROOT_CLASS = YES_ERROR;
				CLANG_WARN_SUSPICIOUS_MOVES = YES;
				CLANG_WARN_UNREACHABLE_CODE = YES;
				CLANG_WARN__DUPLICATE_METHOD_MATCH = YES;
				"CODE_SIGN_IDENTITY[sdk=iphoneos*]" = "iPhone Developer";
				COPY_PHASE_STRIP = NO;
				DEBUG_INFORMATION_FORMAT = dwarf;
				ENABLE_STRICT_OBJC_MSGSEND = YES;
				ENABLE_TESTABILITY = YES;
				GCC_C_LANGUAGE_STANDARD = gnu99;
				GCC_DYNAMIC_NO_PIC = NO;
				GCC_NO_COMMON_BLOCKS = YES;
				GCC_OPTIMIZATION_LEVEL = 0;
				GCC_PREPROCESSOR_DEFINITIONS = (
					"DEBUG=1",
					"$(inherited)",
				);
				GCC_WARN_64_TO_32_BIT_CONVERSION = YES;
				GCC_WARN_ABOUT_RETURN_TYPE = YES_ERROR;
				GCC_WARN_UNDECLARED_SELECTOR = YES;
				GCC_WARN_UNINITIALIZED_AUTOS = YES_AGGRESSIVE;
				GCC_WARN_UNUSED_FUNCTION = YES;
				GCC_WARN_UNUSED_VARIABLE = YES;
				IPHONEOS_DEPLOYMENT_TARGET = 10.1;
				MTL_ENABLE_DEBUG_INFO = YES;
				ONLY_ACTIVE_ARCH = YES;
				SDKROOT = iphoneos;
				SWIFT_ACTIVE_COMPILATION_CONDITIONS = DEBUG;
				SWIFT_OPTIMIZATION_LEVEL = "-Onone";
			};
			name = Debug;
		};
		081DEFDB1DC974960063677D /* Release */ = {
			isa = XCBuildConfiguration;
			buildSettings = {
				ALWAYS_SEARCH_USER_PATHS = NO;
				CLANG_ANALYZER_NONNULL = YES;
				CLANG_CXX_LANGUAGE_STANDARD = "gnu++0x";
				CLANG_CXX_LIBRARY = "libc++";
				CLANG_ENABLE_MODULES = YES;
				CLANG_ENABLE_OBJC_ARC = YES;
				CLANG_WARN_BOOL_CONVERSION = YES;
				CLANG_WARN_CONSTANT_CONVERSION = YES;
				CLANG_WARN_DIRECT_OBJC_ISA_USAGE = YES_ERROR;
				CLANG_WARN_DOCUMENTATION_COMMENTS = YES;
				CLANG_WARN_EMPTY_BODY = YES;
				CLANG_WARN_ENUM_CONVERSION = YES;
				CLANG_WARN_INFINITE_RECURSION = YES;
				CLANG_WARN_INT_CONVERSION = YES;
				CLANG_WARN_OBJC_ROOT_CLASS = YES_ERROR;
				CLANG_WARN_SUSPICIOUS_MOVES = YES;
				CLANG_WARN_UNREACHABLE_CODE = YES;
				CLANG_WARN__DUPLICATE_METHOD_MATCH = YES;
				"CODE_SIGN_IDENTITY[sdk=iphoneos*]" = "iPhone Developer";
				COPY_PHASE_STRIP = NO;
				DEBUG_INFORMATION_FORMAT = "dwarf-with-dsym";
				ENABLE_NS_ASSERTIONS = NO;
				ENABLE_STRICT_OBJC_MSGSEND = YES;
				GCC_C_LANGUAGE_STANDARD = gnu99;
				GCC_NO_COMMON_BLOCKS = YES;
				GCC_WARN_64_TO_32_BIT_CONVERSION = YES;
				GCC_WARN_ABOUT_RETURN_TYPE = YES_ERROR;
				GCC_WARN_UNDECLARED_SELECTOR = YES;
				GCC_WARN_UNINITIALIZED_AUTOS = YES_AGGRESSIVE;
				GCC_WARN_UNUSED_FUNCTION = YES;
				GCC_WARN_UNUSED_VARIABLE = YES;
				IPHONEOS_DEPLOYMENT_TARGET = 10.1;
				MTL_ENABLE_DEBUG_INFO = NO;
				SDKROOT = iphoneos;
				SWIFT_OPTIMIZATION_LEVEL = "-Owholemodule";
				VALIDATE_PRODUCT = YES;
			};
			name = Release;
		};
		081DEFDD1DC974960063677D /* Debug */ = {
			isa = XCBuildConfiguration;
			buildSettings = {
				ASSETCATALOG_COMPILER_APPICON_NAME = AppIcon;
				"CODE_SIGN_IDENTITY[sdk=iphoneos*]" = "iPhone Distribution";
				DEVELOPMENT_TEAM = VVBVRY525G;
				INFOPLIST_FILE = "E-LearningSystem/Info.plist";
				IPHONEOS_DEPLOYMENT_TARGET = 8.0;
				LD_RUNPATH_SEARCH_PATHS = "$(inherited) @executable_path/Frameworks";
				PRODUCT_BUNDLE_IDENTIFIER = "com.framgia.vietnam.E-LearningSystem";
				PRODUCT_NAME = "$(TARGET_NAME)";
				PROVISIONING_PROFILE = "cdb19040-94be-406b-96cd-34d150cee061";
				PROVISIONING_PROFILE_SPECIFIER = "XC: *";
				SWIFT_VERSION = 3.0;
			};
			name = Debug;
		};
		081DEFDE1DC974960063677D /* Release */ = {
			isa = XCBuildConfiguration;
			buildSettings = {
				ASSETCATALOG_COMPILER_APPICON_NAME = AppIcon;
				DEVELOPMENT_TEAM = "";
				INFOPLIST_FILE = "E-LearningSystem/Info.plist";
				IPHONEOS_DEPLOYMENT_TARGET = 8.0;
				LD_RUNPATH_SEARCH_PATHS = "$(inherited) @executable_path/Frameworks";
				PRODUCT_BUNDLE_IDENTIFIER = "com.framgia.vietnam.E-LearningSystem";
				PRODUCT_NAME = "$(TARGET_NAME)";
				SWIFT_VERSION = 3.0;
			};
			name = Release;
		};
/* End XCBuildConfiguration section */

/* Begin XCConfigurationList section */
		081DEFC51DC974960063677D /* Build configuration list for PBXProject "E-LearningSystem" */ = {
			isa = XCConfigurationList;
			buildConfigurations = (
				081DEFDA1DC974960063677D /* Debug */,
				081DEFDB1DC974960063677D /* Release */,
			);
			defaultConfigurationIsVisible = 0;
			defaultConfigurationName = Release;
		};
		081DEFDC1DC974960063677D /* Build configuration list for PBXNativeTarget "E-LearningSystem" */ = {
			isa = XCConfigurationList;
			buildConfigurations = (
				081DEFDD1DC974960063677D /* Debug */,
				081DEFDE1DC974960063677D /* Release */,
			);
			defaultConfigurationIsVisible = 0;
			defaultConfigurationName = Release;
		};
/* End XCConfigurationList section */
	};
	rootObject = 081DEFC21DC974960063677D /* Project object */;
}
